
Microsoft Visual Studio Solution File, Format Version 12.00
# Visual Studio 15
VisualStudioVersion = 15.0.26730.16
MinimumVisualStudioVersion = 10.0.40219.1
Project("{FAE04EC0-301F-11D3-BF4B-00C04F79EFBC}") = "App1.Android", "App1\App1.Android\App1.Android.csproj", "{88E6ED3B-6E4C-4575-88B0-F3B46F4F59EB}"
EndProject
Project("{FAE04EC0-301F-11D3-BF4B-00C04F79EFBC}") = "App1", "App1\App1\App1.csproj", "{C51A9AB3-FC3A-45E1-BBF6-B6D32F09FADD}"
EndProject
Project("{FAE04EC0-301F-11D3-BF4B-00C04F79EFBC}") = "App1.UWP", "App1\App1.UWP\App1.UWP.csproj", "{A0C0600F-30A7-4DEC-985D-1557A0CF0CC9}"
EndProject
Project("{FAE04EC0-301F-11D3-BF4B-00C04F79EFBC}") = "App1.iOS", "App1\App1.iOS\App1.iOS.csproj", "{4B7E5AD5-5B3E-47C8-B31F-BFF41672F8C5}"
EndProject
Global
	GlobalSection(SolutionConfigurationPlatforms) = preSolution
		Ad-Hoc|Any CPU = Ad-Hoc|Any CPU
		Ad-Hoc|ARM = Ad-Hoc|ARM
		Ad-Hoc|iPhone = Ad-Hoc|iPhone
		Ad-Hoc|iPhoneSimulator = Ad-Hoc|iPhoneSimulator
		Ad-Hoc|x64 = Ad-Hoc|x64
		Ad-Hoc|x86 = Ad-Hoc|x86
		AppStore|Any CPU = AppStore|Any CPU
		AppStore|ARM = AppStore|ARM
		AppStore|iPhone = AppStore|iPhone
		AppStore|iPhoneSimulator = AppStore|iPhoneSimulator
		AppStore|x64 = AppStore|x64
		AppStore|x86 = AppStore|x86
		Debug|Any CPU = Debug|Any CPU
		Debug|ARM = Debug|ARM
		Debug|iPhone = Debug|iPhone
		Debug|iPhoneSimulator = Debug|iPhoneSimulator
		Debug|x64 = Debug|x64
		Debug|x86 = Debug|x86
		Release|Any CPU = Release|Any CPU
		Release|ARM = Release|ARM
		Release|iPhone = Release|iPhone
		Release|iPhoneSimulator = Release|iPhoneSimulator
		Release|x64 = Release|x64
		Release|x86 = Release|x86
	EndGlobalSection
	GlobalSection(ProjectConfigurationPlatforms) = postSolution
		{88E6ED3B-6E4C-4575-88B0-F3B46F4F59EB}.Ad-Hoc|Any CPU.ActiveCfg = Release|Any CPU
		{88E6ED3B-6E4C-4575-88B0-F3B46F4F59EB}.Ad-Hoc|Any CPU.Build.0 = Release|Any CPU
		{88E6ED3B-6E4C-4575-88B0-F3B46F4F59EB}.Ad-Hoc|Any CPU.Deploy.0 = Release|Any CPU
		{88E6ED3B-6E4C-4575-88B0-F3B46F4F59EB}.Ad-Hoc|ARM.ActiveCfg = Release|Any CPU
		{88E6ED3B-6E4C-4575-88B0-F3B46F4F59EB}.Ad-Hoc|ARM.Build.0 = Release|Any CPU
		{88E6ED3B-6E4C-4575-88B0-F3B46F4F59EB}.Ad-Hoc|ARM.Deploy.0 = Release|Any CPU
		{88E6ED3B-6E4C-4575-88B0-F3B46F4F59EB}.Ad-Hoc|iPhone.ActiveCfg = Release|Any CPU
		{88E6ED3B-6E4C-4575-88B0-F3B46F4F59EB}.Ad-Hoc|iPhone.Build.0 = Release|Any CPU
		{88E6ED3B-6E4C-4575-88B0-F3B46F4F59EB}.Ad-Hoc|iPhone.Deploy.0 = Release|Any CPU
		{88E6ED3B-6E4C-4575-88B0-F3B46F4F59EB}.Ad-Hoc|iPhoneSimulator.ActiveCfg = Release|Any CPU
		{88E6ED3B-6E4C-4575-88B0-F3B46F4F59EB}.Ad-Hoc|iPhoneSimulator.Build.0 = Release|Any CPU
		{88E6ED3B-6E4C-4575-88B0-F3B46F4F59EB}.Ad-Hoc|iPhoneSimulator.Deploy.0 = Release|Any CPU
		{88E6ED3B-6E4C-4575-88B0-F3B46F4F59EB}.Ad-Hoc|x64.ActiveCfg = Release|Any CPU
		{88E6ED3B-6E4C-4575-88B0-F3B46F4F59EB}.Ad-Hoc|x64.Build.0 = Release|Any CPU
		{88E6ED3B-6E4C-4575-88B0-F3B46F4F59EB}.Ad-Hoc|x64.Deploy.0 = Release|Any CPU
		{88E6ED3B-6E4C-4575-88B0-F3B46F4F59EB}.Ad-Hoc|x86.ActiveCfg = Release|Any CPU
		{88E6ED3B-6E4C-4575-88B0-F3B46F4F59EB}.Ad-Hoc|x86.Build.0 = Release|Any CPU
		{88E6ED3B-6E4C-4575-88B0-F3B46F4F59EB}.Ad-Hoc|x86.Deploy.0 = Release|Any CPU
		{88E6ED3B-6E4C-4575-88B0-F3B46F4F59EB}.AppStore|Any CPU.ActiveCfg = Release|Any CPU
		{88E6ED3B-6E4C-4575-88B0-F3B46F4F59EB}.AppStore|Any CPU.Build.0 = Release|Any CPU
		{88E6ED3B-6E4C-4575-88B0-F3B46F4F59EB}.AppStore|Any CPU.Deploy.0 = Release|Any CPU
		{88E6ED3B-6E4C-4575-88B0-F3B46F4F59EB}.AppStore|ARM.ActiveCfg = Release|Any CPU
		{88E6ED3B-6E4C-4575-88B0-F3B46F4F59EB}.AppStore|ARM.Build.0 = Release|Any CPU
		{88E6ED3B-6E4C-4575-88B0-F3B46F4F59EB}.AppStore|ARM.Deploy.0 = Release|Any CPU
		{88E6ED3B-6E4C-4575-88B0-F3B46F4F59EB}.AppStore|iPhone.ActiveCfg = Release|Any CPU
		{88E6ED3B-6E4C-4575-88B0-F3B46F4F59EB}.AppStore|iPhone.Build.0 = Release|Any CPU
		{88E6ED3B-6E4C-4575-88B0-F3B46F4F59EB}.AppStore|iPhone.Deploy.0 = Release|Any CPU
		{88E6ED3B-6E4C-4575-88B0-F3B46F4F59EB}.AppStore|iPhoneSimulator.ActiveCfg = Release|Any CPU
		{88E6ED3B-6E4C-4575-88B0-F3B46F4F59EB}.AppStore|iPhoneSimulator.Build.0 = Release|Any CPU
		{88E6ED3B-6E4C-4575-88B0-F3B46F4F59EB}.AppStore|iPhoneSimulator.Deploy.0 = Release|Any CPU
		{88E6ED3B-6E4C-4575-88B0-F3B46F4F59EB}.AppStore|x64.ActiveCfg = Release|Any CPU
		{88E6ED3B-6E4C-4575-88B0-F3B46F4F59EB}.AppStore|x64.Build.0 = Release|Any CPU
		{88E6ED3B-6E4C-4575-88B0-F3B46F4F59EB}.AppStore|x64.Deploy.0 = Release|Any CPU
		{88E6ED3B-6E4C-4575-88B0-F3B46F4F59EB}.AppStore|x86.ActiveCfg = Release|Any CPU
		{88E6ED3B-6E4C-4575-88B0-F3B46F4F59EB}.AppStore|x86.Build.0 = Release|Any CPU
		{88E6ED3B-6E4C-4575-88B0-F3B46F4F59EB}.AppStore|x86.Deploy.0 = Release|Any CPU
		{88E6ED3B-6E4C-4575-88B0-F3B46F4F59EB}.Debug|Any CPU.ActiveCfg = Debug|Any CPU
		{88E6ED3B-6E4C-4575-88B0-F3B46F4F59EB}.Debug|Any CPU.Build.0 = Debug|Any CPU
		{88E6ED3B-6E4C-4575-88B0-F3B46F4F59EB}.Debug|Any CPU.Deploy.0 = Debug|Any CPU
		{88E6ED3B-6E4C-4575-88B0-F3B46F4F59EB}.Debug|ARM.ActiveCfg = Debug|Any CPU
		{88E6ED3B-6E4C-4575-88B0-F3B46F4F59EB}.Debug|ARM.Build.0 = Debug|Any CPU
		{88E6ED3B-6E4C-4575-88B0-F3B46F4F59EB}.Debug|ARM.Deploy.0 = Debug|Any CPU
		{88E6ED3B-6E4C-4575-88B0-F3B46F4F59EB}.Debug|iPhone.ActiveCfg = Debug|Any CPU
		{88E6ED3B-6E4C-4575-88B0-F3B46F4F59EB}.Debug|iPhone.Build.0 = Debug|Any CPU
		{88E6ED3B-6E4C-4575-88B0-F3B46F4F59EB}.Debug|iPhone.Deploy.0 = Debug|Any CPU
		{88E6ED3B-6E4C-4575-88B0-F3B46F4F59EB}.Debug|iPhoneSimulator.ActiveCfg = Debug|Any CPU
		{88E6ED3B-6E4C-4575-88B0-F3B46F4F59EB}.Debug|iPhoneSimulator.Build.0 = Debug|Any CPU
		{88E6ED3B-6E4C-4575-88B0-F3B46F4F59EB}.Debug|iPhoneSimulator.Deploy.0 = Debug|Any CPU
		{88E6ED3B-6E4C-4575-88B0-F3B46F4F59EB}.Debug|x64.ActiveCfg = Debug|Any CPU
		{88E6ED3B-6E4C-4575-88B0-F3B46F4F59EB}.Debug|x64.Build.0 = Debug|Any CPU
		{88E6ED3B-6E4C-4575-88B0-F3B46F4F59EB}.Debug|x64.Deploy.0 = Debug|Any CPU
		{88E6ED3B-6E4C-4575-88B0-F3B46F4F59EB}.Debug|x86.ActiveCfg = Debug|Any CPU
		{88E6ED3B-6E4C-4575-88B0-F3B46F4F59EB}.Debug|x86.Build.0 = Debug|Any CPU
		{88E6ED3B-6E4C-4575-88B0-F3B46F4F59EB}.Debug|x86.Deploy.0 = Debug|Any CPU
		{88E6ED3B-6E4C-4575-88B0-F3B46F4F59EB}.Release|Any CPU.ActiveCfg = Release|Any CPU
		{88E6ED3B-6E4C-4575-88B0-F3B46F4F59EB}.Release|Any CPU.Build.0 = Release|Any CPU
		{88E6ED3B-6E4C-4575-88B0-F3B46F4F59EB}.Release|Any CPU.Deploy.0 = Release|Any CPU
		{88E6ED3B-6E4C-4575-88B0-F3B46F4F59EB}.Release|ARM.ActiveCfg = Release|Any CPU
		{88E6ED3B-6E4C-4575-88B0-F3B46F4F59EB}.Release|ARM.Build.0 = Release|Any CPU
		{88E6ED3B-6E4C-4575-88B0-F3B46F4F59EB}.Release|ARM.Deploy.0 = Release|Any CPU
		{88E6ED3B-6E4C-4575-88B0-F3B46F4F59EB}.Release|iPhone.ActiveCfg = Release|Any CPU
		{88E6ED3B-6E4C-4575-88B0-F3B46F4F59EB}.Release|iPhone.Build.0 = Release|Any CPU
		{88E6ED3B-6E4C-4575-88B0-F3B46F4F59EB}.Release|iPhone.Deploy.0 = Release|Any CPU
		{88E6ED3B-6E4C-4575-88B0-F3B46F4F59EB}.Release|iPhoneSimulator.ActiveCfg = Release|Any CPU
		{88E6ED3B-6E4C-4575-88B0-F3B46F4F59EB}.Release|iPhoneSimulator.Build.0 = Release|Any CPU
		{88E6ED3B-6E4C-4575-88B0-F3B46F4F59EB}.Release|iPhoneSimulator.Deploy.0 = Release|Any CPU
		{88E6ED3B-6E4C-4575-88B0-F3B46F4F59EB}.Release|x64.ActiveCfg = Release|Any CPU
		{88E6ED3B-6E4C-4575-88B0-F3B46F4F59EB}.Release|x64.Build.0 = Release|Any CPU
		{88E6ED3B-6E4C-4575-88B0-F3B46F4F59EB}.Release|x64.Deploy.0 = Release|Any CPU
		{88E6ED3B-6E4C-4575-88B0-F3B46F4F59EB}.Release|x86.ActiveCfg = Release|Any CPU
		{88E6ED3B-6E4C-4575-88B0-F3B46F4F59EB}.Release|x86.Build.0 = Release|Any CPU
		{88E6ED3B-6E4C-4575-88B0-F3B46F4F59EB}.Release|x86.Deploy.0 = Release|Any CPU
		{C51A9AB3-FC3A-45E1-BBF6-B6D32F09FADD}.Ad-Hoc|Any CPU.ActiveCfg = Release|Any CPU
		{C51A9AB3-FC3A-45E1-BBF6-B6D32F09FADD}.Ad-Hoc|Any CPU.Build.0 = Release|Any CPU
		{C51A9AB3-FC3A-45E1-BBF6-B6D32F09FADD}.Ad-Hoc|ARM.ActiveCfg = Release|Any CPU
		{C51A9AB3-FC3A-45E1-BBF6-B6D32F09FADD}.Ad-Hoc|ARM.Build.0 = Release|Any CPU
		{C51A9AB3-FC3A-45E1-BBF6-B6D32F09FADD}.Ad-Hoc|iPhone.ActiveCfg = Release|Any CPU
		{C51A9AB3-FC3A-45E1-BBF6-B6D32F09FADD}.Ad-Hoc|iPhone.Build.0 = Release|Any CPU
		{C51A9AB3-FC3A-45E1-BBF6-B6D32F09FADD}.Ad-Hoc|iPhoneSimulator.ActiveCfg = Release|Any CPU
		{C51A9AB3-FC3A-45E1-BBF6-B6D32F09FADD}.Ad-Hoc|iPhoneSimulator.Build.0 = Release|Any CPU
		{C51A9AB3-FC3A-45E1-BBF6-B6D32F09FADD}.Ad-Hoc|x64.ActiveCfg = Release|Any CPU
		{C51A9AB3-FC3A-45E1-BBF6-B6D32F09FADD}.Ad-Hoc|x64.Build.0 = Release|Any CPU
		{C51A9AB3-FC3A-45E1-BBF6-B6D32F09FADD}.Ad-Hoc|x86.ActiveCfg = Release|Any CPU
		{C51A9AB3-FC3A-45E1-BBF6-B6D32F09FADD}.Ad-Hoc|x86.Build.0 = Release|Any CPU
		{C51A9AB3-FC3A-45E1-BBF6-B6D32F09FADD}.AppStore|Any CPU.ActiveCfg = Release|Any CPU
		{C51A9AB3-FC3A-45E1-BBF6-B6D32F09FADD}.AppStore|Any CPU.Build.0 = Release|Any CPU
		{C51A9AB3-FC3A-45E1-BBF6-B6D32F09FADD}.AppStore|ARM.ActiveCfg = Release|Any CPU
		{C51A9AB3-FC3A-45E1-BBF6-B6D32F09FADD}.AppStore|ARM.Build.0 = Release|Any CPU
		{C51A9AB3-FC3A-45E1-BBF6-B6D32F09FADD}.AppStore|iPhone.ActiveCfg = Release|Any CPU
		{C51A9AB3-FC3A-45E1-BBF6-B6D32F09FADD}.AppStore|iPhone.Build.0 = Release|Any CPU
		{C51A9AB3-FC3A-45E1-BBF6-B6D32F09FADD}.AppStore|iPhoneSimulator.ActiveCfg = Release|Any CPU
		{C51A9AB3-FC3A-45E1-BBF6-B6D32F09FADD}.AppStore|iPhoneSimulator.Build.0 = Release|Any CPU
		{C51A9AB3-FC3A-45E1-BBF6-B6D32F09FADD}.AppStore|x64.ActiveCfg = Release|Any CPU
		{C51A9AB3-FC3A-45E1-BBF6-B6D32F09FADD}.AppStore|x64.Build.0 = Release|Any CPU
		{C51A9AB3-FC3A-45E1-BBF6-B6D32F09FADD}.AppStore|x86.ActiveCfg = Release|Any CPU
		{C51A9AB3-FC3A-45E1-BBF6-B6D32F09FADD}.AppStore|x86.Build.0 = Release|Any CPU
		{C51A9AB3-FC3A-45E1-BBF6-B6D32F09FADD}.Debug|Any CPU.ActiveCfg = Debug|Any CPU
		{C51A9AB3-FC3A-45E1-BBF6-B6D32F09FADD}.Debug|Any CPU.Build.0 = Debug|Any CPU
		{C51A9AB3-FC3A-45E1-BBF6-B6D32F09FADD}.Debug|ARM.ActiveCfg = Debug|Any CPU
		{C51A9AB3-FC3A-45E1-BBF6-B6D32F09FADD}.Debug|ARM.Build.0 = Debug|Any CPU
		{C51A9AB3-FC3A-45E1-BBF6-B6D32F09FADD}.Debug|iPhone.ActiveCfg = Debug|Any CPU
		{C51A9AB3-FC3A-45E1-BBF6-B6D32F09FADD}.Debug|iPhone.Build.0 = Debug|Any CPU
		{C51A9AB3-FC3A-45E1-BBF6-B6D32F09FADD}.Debug|iPhoneSimulator.ActiveCfg = Debug|Any CPU
		{C51A9AB3-FC3A-45E1-BBF6-B6D32F09FADD}.Debug|iPhoneSimulator.Build.0 = Debug|Any CPU
		{C51A9AB3-FC3A-45E1-BBF6-B6D32F09FADD}.Debug|x64.ActiveCfg = Debug|Any CPU
		{C51A9AB3-FC3A-45E1-BBF6-B6D32F09FADD}.Debug|x64.Build.0 = Debug|Any CPU
		{C51A9AB3-FC3A-45E1-BBF6-B6D32F09FADD}.Debug|x86.ActiveCfg = Debug|Any CPU
		{C51A9AB3-FC3A-45E1-BBF6-B6D32F09FADD}.Debug|x86.Build.0 = Debug|Any CPU
		{C51A9AB3-FC3A-45E1-BBF6-B6D32F09FADD}.Release|Any CPU.ActiveCfg = Release|Any CPU
		{C51A9AB3-FC3A-45E1-BBF6-B6D32F09FADD}.Release|Any CPU.Build.0 = Release|Any CPU
		{C51A9AB3-FC3A-45E1-BBF6-B6D32F09FADD}.Release|ARM.ActiveCfg = Release|Any CPU
		{C51A9AB3-FC3A-45E1-BBF6-B6D32F09FADD}.Release|ARM.Build.0 = Release|Any CPU
		{C51A9AB3-FC3A-45E1-BBF6-B6D32F09FADD}.Release|iPhone.ActiveCfg = Release|Any CPU
		{C51A9AB3-FC3A-45E1-BBF6-B6D32F09FADD}.Release|iPhone.Build.0 = Release|Any CPU
		{C51A9AB3-FC3A-45E1-BBF6-B6D32F09FADD}.Release|iPhoneSimulator.ActiveCfg = Release|Any CPU
		{C51A9AB3-FC3A-45E1-BBF6-B6D32F09FADD}.Release|iPhoneSimulator.Build.0 = Release|Any CPU
		{C51A9AB3-FC3A-45E1-BBF6-B6D32F09FADD}.Release|x64.ActiveCfg = Release|Any CPU
		{C51A9AB3-FC3A-45E1-BBF6-B6D32F09FADD}.Release|x64.Build.0 = Release|Any CPU
		{C51A9AB3-FC3A-45E1-BBF6-B6D32F09FADD}.Release|x86.ActiveCfg = Release|Any CPU
		{C51A9AB3-FC3A-45E1-BBF6-B6D32F09FADD}.Release|x86.Build.0 = Release|Any CPU
		{A0C0600F-30A7-4DEC-985D-1557A0CF0CC9}.Ad-Hoc|Any CPU.ActiveCfg = Release|x86
		{A0C0600F-30A7-4DEC-985D-1557A0CF0CC9}.Ad-Hoc|Any CPU.Build.0 = Release|x86
		{A0C0600F-30A7-4DEC-985D-1557A0CF0CC9}.Ad-Hoc|Any CPU.Deploy.0 = Release|x86
		{A0C0600F-30A7-4DEC-985D-1557A0CF0CC9}.Ad-Hoc|ARM.ActiveCfg = Release|ARM
		{A0C0600F-30A7-4DEC-985D-1557A0CF0CC9}.Ad-Hoc|ARM.Build.0 = Release|ARM
		{A0C0600F-30A7-4DEC-985D-1557A0CF0CC9}.Ad-Hoc|ARM.Deploy.0 = Release|ARM
		{A0C0600F-30A7-4DEC-985D-1557A0CF0CC9}.Ad-Hoc|iPhone.ActiveCfg = Release|x86
		{A0C0600F-30A7-4DEC-985D-1557A0CF0CC9}.Ad-Hoc|iPhone.Build.0 = Release|x86
		{A0C0600F-30A7-4DEC-985D-1557A0CF0CC9}.Ad-Hoc|iPhone.Deploy.0 = Release|x86
		{A0C0600F-30A7-4DEC-985D-1557A0CF0CC9}.Ad-Hoc|iPhoneSimulator.ActiveCfg = Release|x86
		{A0C0600F-30A7-4DEC-985D-1557A0CF0CC9}.Ad-Hoc|iPhoneSimulator.Build.0 = Release|x86
		{A0C0600F-30A7-4DEC-985D-1557A0CF0CC9}.Ad-Hoc|iPhoneSimulator.Deploy.0 = Release|x86
		{A0C0600F-30A7-4DEC-985D-1557A0CF0CC9}.Ad-Hoc|x64.ActiveCfg = Release|x64
		{A0C0600F-30A7-4DEC-985D-1557A0CF0CC9}.Ad-Hoc|x64.Build.0 = Release|x64
		{A0C0600F-30A7-4DEC-985D-1557A0CF0CC9}.Ad-Hoc|x64.Deploy.0 = Release|x64
		{A0C0600F-30A7-4DEC-985D-1557A0CF0CC9}.Ad-Hoc|x86.ActiveCfg = Release|x86
		{A0C0600F-30A7-4DEC-985D-1557A0CF0CC9}.Ad-Hoc|x86.Build.0 = Release|x86
		{A0C0600F-30A7-4DEC-985D-1557A0CF0CC9}.Ad-Hoc|x86.Deploy.0 = Release|x86
		{A0C0600F-30A7-4DEC-985D-1557A0CF0CC9}.AppStore|Any CPU.ActiveCfg = Release|x86
		{A0C0600F-30A7-4DEC-985D-1557A0CF0CC9}.AppStore|Any CPU.Build.0 = Release|x86
		{A0C0600F-30A7-4DEC-985D-1557A0CF0CC9}.AppStore|Any CPU.Deploy.0 = Release|x86
		{A0C0600F-30A7-4DEC-985D-1557A0CF0CC9}.AppStore|ARM.ActiveCfg = Release|ARM
		{A0C0600F-30A7-4DEC-985D-1557A0CF0CC9}.AppStore|ARM.Build.0 = Release|ARM
		{A0C0600F-30A7-4DEC-985D-1557A0CF0CC9}.AppStore|ARM.Deploy.0 = Release|ARM
		{A0C0600F-30A7-4DEC-985D-1557A0CF0CC9}.AppStore|iPhone.ActiveCfg = Release|x86
		{A0C0600F-30A7-4DEC-985D-1557A0CF0CC9}.AppStore|iPhone.Build.0 = Release|x86
		{A0C0600F-30A7-4DEC-985D-1557A0CF0CC9}.AppStore|iPhone.Deploy.0 = Release|x86
		{A0C0600F-30A7-4DEC-985D-1557A0CF0CC9}.AppStore|iPhoneSimulator.ActiveCfg = Release|x86
		{A0C0600F-30A7-4DEC-985D-1557A0CF0CC9}.AppStore|iPhoneSimulator.Build.0 = Release|x86
		{A0C0600F-30A7-4DEC-985D-1557A0CF0CC9}.AppStore|iPhoneSimulator.Deploy.0 = Release|x86
		{A0C0600F-30A7-4DEC-985D-1557A0CF0CC9}.AppStore|x64.ActiveCfg = Release|x64
		{A0C0600F-30A7-4DEC-985D-1557A0CF0CC9}.AppStore|x64.Build.0 = Release|x64
		{A0C0600F-30A7-4DEC-985D-1557A0CF0CC9}.AppStore|x64.Deploy.0 = Release|x64
		{A0C0600F-30A7-4DEC-985D-1557A0CF0CC9}.AppStore|x86.ActiveCfg = Release|x86
		{A0C0600F-30A7-4DEC-985D-1557A0CF0CC9}.AppStore|x86.Build.0 = Release|x86
		{A0C0600F-30A7-4DEC-985D-1557A0CF0CC9}.AppStore|x86.Deploy.0 = Release|x86
		{A0C0600F-30A7-4DEC-985D-1557A0CF0CC9}.Debug|Any CPU.ActiveCfg = Debug|x86
		{A0C0600F-30A7-4DEC-985D-1557A0CF0CC9}.Debug|ARM.ActiveCfg = Debug|ARM
		{A0C0600F-30A7-4DEC-985D-1557A0CF0CC9}.Debug|ARM.Build.0 = Debug|ARM
		{A0C0600F-30A7-4DEC-985D-1557A0CF0CC9}.Debug|ARM.Deploy.0 = Debug|ARM
		{A0C0600F-30A7-4DEC-985D-1557A0CF0CC9}.Debug|iPhone.ActiveCfg = Debug|x86
		{A0C0600F-30A7-4DEC-985D-1557A0CF0CC9}.Debug|iPhoneSimulator.ActiveCfg = Debug|x86
		{A0C0600F-30A7-4DEC-985D-1557A0CF0CC9}.Debug|x64.ActiveCfg = Debug|x64
		{A0C0600F-30A7-4DEC-985D-1557A0CF0CC9}.Debug|x64.Build.0 = Debug|x64
		{A0C0600F-30A7-4DEC-985D-1557A0CF0CC9}.Debug|x64.Deploy.0 = Debug|x64
		{A0C0600F-30A7-4DEC-985D-1557A0CF0CC9}.Debug|x86.ActiveCfg = Debug|x86
		{A0C0600F-30A7-4DEC-985D-1557A0CF0CC9}.Debug|x86.Build.0 = Debug|x86
		{A0C0600F-30A7-4DEC-985D-1557A0CF0CC9}.Debug|x86.Deploy.0 = Debug|x86
		{A0C0600F-30A7-4DEC-985D-1557A0CF0CC9}.Release|Any CPU.ActiveCfg = Release|x86
		{A0C0600F-30A7-4DEC-985D-1557A0CF0CC9}.Release|ARM.ActiveCfg = Release|ARM
		{A0C0600F-30A7-4DEC-985D-1557A0CF0CC9}.Release|ARM.Build.0 = Release|ARM
		{A0C0600F-30A7-4DEC-985D-1557A0CF0CC9}.Release|ARM.Deploy.0 = Release|ARM
		{A0C0600F-30A7-4DEC-985D-1557A0CF0CC9}.Release|iPhone.ActiveCfg = Release|x86
		{A0C0600F-30A7-4DEC-985D-1557A0CF0CC9}.Release|iPhoneSimulator.ActiveCfg = Release|x86
		{A0C0600F-30A7-4DEC-985D-1557A0CF0CC9}.Release|x64.ActiveCfg = Release|x64
		{A0C0600F-30A7-4DEC-985D-1557A0CF0CC9}.Release|x64.Build.0 = Release|x64
		{A0C0600F-30A7-4DEC-985D-1557A0CF0CC9}.Release|x64.Deploy.0 = Release|x64
		{A0C0600F-30A7-4DEC-985D-1557A0CF0CC9}.Release|x86.ActiveCfg = Release|x86
		{A0C0600F-30A7-4DEC-985D-1557A0CF0CC9}.Release|x86.Build.0 = Release|x86
		{A0C0600F-30A7-4DEC-985D-1557A0CF0CC9}.Release|x86.Deploy.0 = Release|x86
		{4B7E5AD5-5B3E-47C8-B31F-BFF41672F8C5}.Ad-Hoc|Any CPU.ActiveCfg = Ad-Hoc|iPhone
		{4B7E5AD5-5B3E-47C8-B31F-BFF41672F8C5}.Ad-Hoc|ARM.ActiveCfg = Ad-Hoc|iPhone
		{4B7E5AD5-5B3E-47C8-B31F-BFF41672F8C5}.Ad-Hoc|iPhone.ActiveCfg = Ad-Hoc|iPhone
		{4B7E5AD5-5B3E-47C8-B31F-BFF41672F8C5}.Ad-Hoc|iPhone.Build.0 = Ad-Hoc|iPhone
		{4B7E5AD5-5B3E-47C8-B31F-BFF41672F8C5}.Ad-Hoc|iPhoneSimulator.ActiveCfg = Ad-Hoc|iPhoneSimulator
		{4B7E5AD5-5B3E-47C8-B31F-BFF41672F8C5}.Ad-Hoc|iPhoneSimulator.Build.0 = Ad-Hoc|iPhoneSimulator
		{4B7E5AD5-5B3E-47C8-B31F-BFF41672F8C5}.Ad-Hoc|x64.ActiveCfg = Ad-Hoc|iPhone
		{4B7E5AD5-5B3E-47C8-B31F-BFF41672F8C5}.Ad-Hoc|x86.ActiveCfg = Ad-Hoc|iPhone
		{4B7E5AD5-5B3E-47C8-B31F-BFF41672F8C5}.AppStore|Any CPU.ActiveCfg = AppStore|iPhone
		{4B7E5AD5-5B3E-47C8-B31F-BFF41672F8C5}.AppStore|ARM.ActiveCfg = AppStore|iPhone
		{4B7E5AD5-5B3E-47C8-B31F-BFF41672F8C5}.AppStore|iPhone.ActiveCfg = AppStore|iPhone
		{4B7E5AD5-5B3E-47C8-B31F-BFF41672F8C5}.AppStore|iPhone.Build.0 = AppStore|iPhone
		{4B7E5AD5-5B3E-47C8-B31F-BFF41672F8C5}.AppStore|iPhoneSimulator.ActiveCfg = AppStore|iPhoneSimulator
		{4B7E5AD5-5B3E-47C8-B31F-BFF41672F8C5}.AppStore|iPhoneSimulator.Build.0 = AppStore|iPhoneSimulator
		{4B7E5AD5-5B3E-47C8-B31F-BFF41672F8C5}.AppStore|x64.ActiveCfg = AppStore|iPhone
		{4B7E5AD5-5B3E-47C8-B31F-BFF41672F8C5}.AppStore|x86.ActiveCfg = AppStore|iPhone
		{4B7E5AD5-5B3E-47C8-B31F-BFF41672F8C5}.Debug|Any CPU.ActiveCfg = Debug|iPhone
		{4B7E5AD5-5B3E-47C8-B31F-BFF41672F8C5}.Debug|ARM.ActiveCfg = Debug|iPhone
		{4B7E5AD5-5B3E-47C8-B31F-BFF41672F8C5}.Debug|iPhone.ActiveCfg = Debug|iPhone
		{4B7E5AD5-5B3E-47C8-B31F-BFF41672F8C5}.Debug|iPhone.Build.0 = Debug|iPhone
		{4B7E5AD5-5B3E-47C8-B31F-BFF41672F8C5}.Debug|iPhoneSimulator.ActiveCfg = Debug|iPhoneSimulator
		{4B7E5AD5-5B3E-47C8-B31F-BFF41672F8C5}.Debug|iPhoneSimulator.Build.0 = Debug|iPhoneSimulator
		{4B7E5AD5-5B3E-47C8-B31F-BFF41672F8C5}.Debug|x64.ActiveCfg = Debug|iPhone
		{4B7E5AD5-5B3E-47C8-B31F-BFF41672F8C5}.Debug|x86.ActiveCfg = Debug|iPhone
		{4B7E5AD5-5B3E-47C8-B31F-BFF41672F8C5}.Release|Any CPU.ActiveCfg = Release|iPhone
		{4B7E5AD5-5B3E-47C8-B31F-BFF41672F8C5}.Release|ARM.ActiveCfg = Release|iPhone
		{4B7E5AD5-5B3E-47C8-B31F-BFF41672F8C5}.Release|iPhone.ActiveCfg = Release|iPhone
		{4B7E5AD5-5B3E-47C8-B31F-BFF41672F8C5}.Release|iPhone.Build.0 = Release|iPhone
		{4B7E5AD5-5B3E-47C8-B31F-BFF41672F8C5}.Release|iPhoneSimulator.ActiveCfg = Release|iPhoneSimulator
		{4B7E5AD5-5B3E-47C8-B31F-BFF41672F8C5}.Release|iPhoneSimulator.Build.0 = Release|iPhoneSimulator
		{4B7E5AD5-5B3E-47C8-B31F-BFF41672F8C5}.Release|x64.ActiveCfg = Release|iPhone
		{4B7E5AD5-5B3E-47C8-B31F-BFF41672F8C5}.Release|x86.ActiveCfg = Release|iPhone
	EndGlobalSection
	GlobalSection(SolutionProperties) = preSolution
		HideSolutionNode = FALSE
	EndGlobalSection
	GlobalSection(ExtensibilityGlobals) = postSolution
		SolutionGuid = {15D58DB0-4088-4A45-AC8F-A2A502A36A68}
	EndGlobalSection
EndGlobal
